// !$*UTF8*$!
{
	archiveVersion = 1;
	classes = {
	};
	objectVersion = 50;
	objects = {

/* Begin PBXBuildFile section */
		7BEB71632077D7FE44E1F24F /* libPods-SGXModulezero.a in Frameworks */ = {isa = PBXBuildFile; fileRef = 736185422E20A089EB864E41 /* libPods-SGXModulezero.a */; };
		8975875727A4FBFA00D0955C /* AppDelegate.m in Sources */ = {isa = PBXBuildFile; fileRef = 8975875627A4FBFA00D0955C /* AppDelegate.m */; };
		8975875A27A4FBFA00D0955C /* SceneDelegate.m in Sources */ = {isa = PBXBuildFile; fileRef = 8975875927A4FBFA00D0955C /* SceneDelegate.m */; };
		8975875D27A4FBFA00D0955C /* ViewController.m in Sources */ = {isa = PBXBuildFile; fileRef = 8975875C27A4FBFA00D0955C /* ViewController.m */; };
		8975876027A4FBFA00D0955C /* Main.storyboard in Resources */ = {isa = PBXBuildFile; fileRef = 8975875E27A4FBFA00D0955C /* Main.storyboard */; };
		8975876227A4FBFB00D0955C /* Assets.xcassets in Resources */ = {isa = PBXBuildFile; fileRef = 8975876127A4FBFB00D0955C /* Assets.xcassets */; };
		8975876527A4FBFB00D0955C /* LaunchScreen.storyboard in Resources */ = {isa = PBXBuildFile; fileRef = 8975876327A4FBFB00D0955C /* LaunchScreen.storyboard */; };
		8975876827A4FBFB00D0955C /* main.m in Sources */ = {isa = PBXBuildFile; fileRef = 8975876727A4FBFB00D0955C /* main.m */; };
/* End PBXBuildFile section */

/* Begin PBXFileReference section */
		158D27B4018D28E80EB6AB53 /* Pods-SGXModulezero.release.xcconfig */ = {isa = PBXFileReference; includeInIndex = 1; lastKnownFileType = text.xcconfig; name = "Pods-SGXModulezero.release.xcconfig"; path = "Target Support Files/Pods-SGXModulezero/Pods-SGXModulezero.release.xcconfig"; sourceTree = "<group>"; };
		736185422E20A089EB864E41 /* libPods-SGXModulezero.a */ = {isa = PBXFileReference; explicitFileType = archive.ar; includeInIndex = 0; path = "libPods-SGXModulezero.a"; sourceTree = BUILT_PRODUCTS_DIR; };
		8975875227A4FBFA00D0955C /* SGXModulezero.app */ = {isa = PBXFileReference; explicitFileType = wrapper.application; includeInIndex = 0; path = SGXModulezero.app; sourceTree = BUILT_PRODUCTS_DIR; };
		8975875527A4FBFA00D0955C /* AppDelegate.h */ = {isa = PBXFileReference; lastKnownFileType = sourcecode.c.h; path = AppDelegate.h; sourceTree = "<group>"; };
		8975875627A4FBFA00D0955C /* AppDelegate.m */ = {isa = PBXFileReference; lastKnownFileType = sourcecode.c.objc; path = AppDelegate.m; sourceTree = "<group>"; };
		8975875827A4FBFA00D0955C /* SceneDelegate.h */ = {isa = PBXFileReference; lastKnownFileType = sourcecode.c.h; path = SceneDelegate.h; sourceTree = "<group>"; };
		8975875927A4FBFA00D0955C /* SceneDelegate.m */ = {isa = PBXFileReference; lastKnownFileType = sourcecode.c.objc; path = SceneDelegate.m; sourceTree = "<group>"; };
		8975875B27A4FBFA00D0955C /* ViewController.h */ = {isa = PBXFileReference; lastKnownFileType = sourcecode.c.h; path = ViewController.h; sourceTree = "<group>"; };
		8975875C27A4FBFA00D0955C /* ViewController.m */ = {isa = PBXFileReference; lastKnownFileType = sourcecode.c.objc; path = ViewController.m; sourceTree = "<group>"; };
		8975875F27A4FBFA00D0955C /* Base */ = {isa = PBXFileReference; lastKnownFileType = file.storyboard; name = Base; path = Base.lproj/Main.storyboard; sourceTree = "<group>"; };
		8975876127A4FBFB00D0955C /* Assets.xcassets */ = {isa = PBXFileReference; lastKnownFileType = folder.assetcatalog; path = Assets.xcassets; sourceTree = "<group>"; };
		8975876427A4FBFB00D0955C /* Base */ = {isa = PBXFileReference; lastKnownFileType = file.storyboard; name = Base; path = Base.lproj/LaunchScreen.storyboard; sourceTree = "<group>"; };
		8975876627A4FBFB00D0955C /* Info.plist */ = {isa = PBXFileReference; lastKnownFileType = text.plist.xml; path = Info.plist; sourceTree = "<group>"; };
		8975876727A4FBFB00D0955C /* main.m */ = {isa = PBXFileReference; lastKnownFileType = sourcecode.c.objc; path = main.m; sourceTree = "<group>"; };
		FF2FEAF4209E9794F71691A6 /* Pods-SGXModulezero.debug.xcconfig */ = {isa = PBXFileReference; includeInIndex = 1; lastKnownFileType = text.xcconfig; name = "Pods-SGXModulezero.debug.xcconfig"; path = "Target Support Files/Pods-SGXModulezero/Pods-SGXModulezero.debug.xcconfig"; sourceTree = "<group>"; };
/* End PBXFileReference section */

/* Begin PBXFrameworksBuildPhase section */
		8975874F27A4FBFA00D0955C /* Frameworks */ = {
			isa = PBXFrameworksBuildPhase;
			buildActionMask = 2147483647;
			files = (
				7BEB71632077D7FE44E1F24F /* libPods-SGXModulezero.a in Frameworks */,
			);
			runOnlyForDeploymentPostprocessing = 0;
		};
/* End PBXFrameworksBuildPhase section */

/* Begin PBXGroup section */
		277914631AC317BB752B71A8 /* Frameworks */ = {
			isa = PBXGroup;
			children = (
				736185422E20A089EB864E41 /* libPods-SGXModulezero.a */,
			);
			name = Frameworks;
			sourceTree = "<group>";
		};
		8975874927A4FBFA00D0955C = {
			isa = PBXGroup;
			children = (
				8975875427A4FBFA00D0955C /* SGXModulezero */,
				8975875327A4FBFA00D0955C /* Products */,
				EBED152D1318B3E4779F7CF9 /* Pods */,
				277914631AC317BB752B71A8 /* Frameworks */,
			);
			sourceTree = "<group>";
		};
		8975875327A4FBFA00D0955C /* Products */ = {
			isa = PBXGroup;
			children = (
				8975875227A4FBFA00D0955C /* SGXModulezero.app */,
			);
			name = Products;
			sourceTree = "<group>";
		};
		8975875427A4FBFA00D0955C /* SGXModulezero */ = {
			isa = PBXGroup;
			children = (
				8975875527A4FBFA00D0955C /* AppDelegate.h */,
				8975875627A4FBFA00D0955C /* AppDelegate.m */,
				8975875827A4FBFA00D0955C /* SceneDelegate.h */,
				8975875927A4FBFA00D0955C /* SceneDelegate.m */,
				8975875B27A4FBFA00D0955C /* ViewController.h */,
				8975875C27A4FBFA00D0955C /* ViewController.m */,
				8975875E27A4FBFA00D0955C /* Main.storyboard */,
				8975876127A4FBFB00D0955C /* Assets.xcassets */,
				8975876327A4FBFB00D0955C /* LaunchScreen.storyboard */,
				8975876627A4FBFB00D0955C /* Info.plist */,
				8975876727A4FBFB00D0955C /* main.m */,
			);
			path = SGXModulezero;
			sourceTree = "<group>";
		};
		EBED152D1318B3E4779F7CF9 /* Pods */ = {
			isa = PBXGroup;
			children = (
				FF2FEAF4209E9794F71691A6 /* Pods-SGXModulezero.debug.xcconfig */,
				158D27B4018D28E80EB6AB53 /* Pods-SGXModulezero.release.xcconfig */,
			);
			name = Pods;
			path = Pods;
			sourceTree = "<group>";
		};
/* End PBXGroup section */

/* Begin PBXNativeTarget section */
		8975875127A4FBFA00D0955C /* SGXModulezero */ = {
			isa = PBXNativeTarget;
			buildConfigurationList = 8975876B27A4FBFB00D0955C /* Build configuration list for PBXNativeTarget "SGXModulezero" */;
			buildPhases = (
				7D6769D38D6277502F0E46F6 /* [CP] Check Pods Manifest.lock */,
				8975874E27A4FBFA00D0955C /* Sources */,
				8975874F27A4FBFA00D0955C /* Frameworks */,
				8975875027A4FBFA00D0955C /* Resources */,
			);
			buildRules = (
			);
			dependencies = (
			);
			name = SGXModulezero;
			productName = SGXModulezero;
			productReference = 8975875227A4FBFA00D0955C /* SGXModulezero.app */;
			productType = "com.apple.product-type.application";
		};
/* End PBXNativeTarget section */

/* Begin PBXProject section */
		8975874A27A4FBFA00D0955C /* Project object */ = {
			isa = PBXProject;
			attributes = {
				LastUpgradeCheck = 1250;
				TargetAttributes = {
					8975875127A4FBFA00D0955C = {
						CreatedOnToolsVersion = 12.5.1;
					};
				};
			};
			buildConfigurationList = 8975874D27A4FBFA00D0955C /* Build configuration list for PBXProject "SGXModulezero" */;
			compatibilityVersion = "Xcode 9.3";
			developmentRegion = en;
			hasScannedForEncodings = 0;
			knownRegions = (
				en,
				Base,
			);
			mainGroup = 8975874927A4FBFA00D0955C;
			productRefGroup = 8975875327A4FBFA00D0955C /* Products */;
			projectDirPath = "";
			projectRoot = "";
			targets = (
				8975875127A4FBFA00D0955C /* SGXModulezero */,
			);
		};
/* End PBXProject section */

/* Begin PBXResourcesBuildPhase section */
		8975875027A4FBFA00D0955C /* Resources */ = {
			isa = PBXResourcesBuildPhase;
			buildActionMask = 2147483647;
			files = (
				8975876527A4FBFB00D0955C /* LaunchScreen.storyboard in Resources */,
				8975876227A4FBFB00D0955C /* Assets.xcassets in Resources */,
				8975876027A4FBFA00D0955C /* Main.storyboard in Resources */,
			);
			runOnlyForDeploymentPostprocessing = 0;
		};
/* End PBXResourcesBuildPhase section */

/* Begin PBXShellScriptBuildPhase section */
		7D6769D38D6277502F0E46F6 /* [CP] Check Pods Manifest.lock */ = {
			isa = PBXShellScriptBuildPhase;
			buildActionMask = 2147483647;
			files = (
			);
			inputFileListPaths = (
			);
			inputPaths = (
				"${PODS_PODFILE_DIR_PATH}/Podfile.lock",
				"${PODS_ROOT}/Manifest.lock",
			);
			name = "[CP] Check Pods Manifest.lock";
			outputFileListPaths = (
			);
			outputPaths = (
				"$(DERIVED_FILE_DIR)/Pods-SGXModulezero-checkManifestLockResult.txt",
			);
			runOnlyForDeploymentPostprocessing = 0;
			shellPath = /bin/sh;
			shellScript = "diff \"${PODS_PODFILE_DIR_PATH}/Podfile.lock\" \"${PODS_ROOT}/Manifest.lock\" > /dev/null\nif [ $? != 0 ] ; then\n    # print error to STDERR\n    echo \"error: The sandbox is not in sync with the Podfile.lock. Run 'pod install' or update your CocoaPods installation.\" >&2\n    exit 1\nfi\n# This output is used by Xcode 'outputs' to avoid re-running this script phase.\necho \"SUCCESS\" > \"${SCRIPT_OUTPUT_FILE_0}\"\n";
			showEnvVarsInLog = 0;
		};
/* End PBXShellScriptBuildPhase section */

/* Begin PBXSourcesBuildPhase section */
		8975874E27A4FBFA00D0955C /* Sources */ = {
			isa = PBXSourcesBuildPhase;
			buildActionMask = 2147483647;
			files = (
				8975875D27A4FBFA00D0955C /* ViewController.m in Sources */,
				8975875727A4FBFA00D0955C /* AppDelegate.m in Sources */,
				8975876827A4FBFB00D0955C /* main.m in Sources */,
				8975875A27A4FBFA00D0955C /* SceneDelegate.m in Sources */,
			);
			runOnlyForDeploymentPostprocessing = 0;
		};
/* End PBXSourcesBuildPhase section */

/* Begin PBXVariantGroup section */
		8975875E27A4FBFA00D0955C /* Main.storyboard */ = {
			isa = PBXVariantGroup;
			children = (
				8975875F27A4FBFA00D0955C /* Base */,
			);
			name = Main.storyboard;
			sourceTree = "<group>";
		};
		8975876327A4FBFB00D0955C /* LaunchScreen.storyboard */ = {
			isa = PBXVariantGroup;
			children = (
				8975876427A4FBFB00D0955C /* Base */,
			);
			name = LaunchScreen.storyboard;
			sourceTree = "<group>";
		};
/* End PBXVariantGroup section */

/* Begin XCBuildConfiguration section */
		8975876927A4FBFB00D0955C /* Debug */ = {
			isa = XCBuildConfiguration;
			buildSettings = {
				ALWAYS_SEARCH_USER_PATHS = NO;
				CLANG_ANALYZER_NONNULL = YES;
				CLANG_ANALYZER_NUMBER_OBJECT_CONVERSION = YES_AGGRESSIVE;
				CLANG_CXX_LANGUAGE_STANDARD = "gnu++14";
				CLANG_CXX_LIBRARY = "libc++";
				CLANG_ENABLE_MODULES = YES;
				CLANG_ENABLE_OBJC_ARC = YES;
				CLANG_ENABLE_OBJC_WEAK = YES;
				CLANG_WARN_BLOCK_CAPTURE_AUTORELEASING = YES;
				CLANG_WARN_BOOL_CONVERSION = YES;
				CLANG_WARN_COMMA = YES;
				CLANG_WARN_CONSTANT_CONVERSION = YES;
				CLANG_WARN_DEPRECATED_OBJC_IMPLEMENTATIONS = YES;
				CLANG_WARN_DIRECT_OBJC_ISA_USAGE = YES_ERROR;
				CLANG_WARN_DOCUMENTATION_COMMENTS = YES;
				CLANG_WARN_EMPTY_BODY = YES;
				CLANG_WARN_ENUM_CONVERSION = YES;
				CLANG_WARN_INFINITE_RECURSION = YES;
				CLANG_WARN_INT_CONVERSION = YES;
				CLANG_WARN_NON_LITERAL_NULL_CONVERSION = YES;
				CLANG_WARN_OBJC_IMPLICIT_RETAIN_SELF = YES;
				CLANG_WARN_OBJC_LITERAL_CONVERSION = YES;
				CLANG_WARN_OBJC_ROOT_CLASS = YES_ERROR;
				CLANG_WARN_QUOTED_INCLUDE_IN_FRAMEWORK_HEADER = YES;
				CLANG_WARN_RANGE_LOOP_ANALYSIS = YES;
				CLANG_WARN_STRICT_PROTOTYPES = YES;
				CLANG_WARN_SUSPICIOUS_MOVE = YES;
				CLANG_WARN_UNGUARDED_AVAILABILITY = YES_AGGRESSIVE;
				CLANG_WARN_UNREACHABLE_CODE = YES;
				CLANG_WARN__DUPLICATE_METHOD_MATCH = YES;
				COPY_PHASE_STRIP = NO;
				DEBUG_INFORMATION_FORMAT = dwarf;
				ENABLE_STRICT_OBJC_MSGSEND = YES;
				ENABLE_TESTABILITY = YES;
				GCC_C_LANGUAGE_STANDARD = gnu11;
				GCC_DYNAMIC_NO_PIC = NO;
				GCC_NO_COMMON_BLOCKS = YES;
				GCC_OPTIMIZATION_LEVEL = 0;
				GCC_PREPROCESSOR_DEFINITIONS = (
					"DEBUG=1",
					"$(inherited)",
				);
				GCC_WARN_64_TO_32_BIT_CONVERSION = YES;
				GCC_WARN_ABOUT_RETURN_TYPE = YES_ERROR;
				GCC_WARN_UNDECLARED_SELECTOR = YES;
				GCC_WARN_UNINITIALIZED_AUTOS = YES_AGGRESSIVE;
				GCC_WARN_UNUSED_FUNCTION = YES;
				GCC_WARN_UNUSED_VARIABLE = YES;
				IPHONEOS_DEPLOYMENT_TARGET = 14.5;
				MTL_ENABLE_DEBUG_INFO = INCLUDE_SOURCE;
				MTL_FAST_MATH = YES;
				ONLY_ACTIVE_ARCH = YES;
				SDKROOT = iphoneos;
			};
			name = Debug;
		};
		8975876A27A4FBFB00D0955C /* Release */ = {
			isa = XCBuildConfiguration;
			buildSettings = {
				ALWAYS_SEARCH_USER_PATHS = NO;
				CLANG_ANALYZER_NONNULL = YES;
				CLANG_ANALYZER_NUMBER_OBJECT_CONVERSION = YES_AGGRESSIVE;
				CLANG_CXX_LANGUAGE_STANDARD = "gnu++14";
				CLANG_CXX_LIBRARY = "libc++";
				CLANG_ENABLE_MODULES = YES;
				CLANG_ENABLE_OBJC_ARC = YES;
				CLANG_ENABLE_OBJC_WEAK = YES;
				CLANG_WARN_BLOCK_CAPTURE_AUTORELEASING = YES;
				CLANG_WARN_BOOL_CONVERSION = YES;
				CLANG_WARN_COMMA = YES;
				CLANG_WARN_CONSTANT_CONVERSION = YES;
				CLANG_WARN_DEPRECATED_OBJC_IMPLEMENTATIONS = YES;
				CLANG_WARN_DIRECT_OBJC_ISA_USAGE = YES_ERROR;
				CLANG_WARN_DOCUMENTATION_COMMENTS = YES;
				CLANG_WARN_EMPTY_BODY = YES;
				CLANG_WARN_ENUM_CONVERSION = YES;
				CLANG_WARN_INFINITE_RECURSION = YES;
				CLANG_WARN_INT_CONVERSION = YES;
				CLANG_WARN_NON_LITERAL_NULL_CONVERSION = YES;
				CLANG_WARN_OBJC_IMPLICIT_RETAIN_SELF = YES;
				CLANG_WARN_OBJC_LITERAL_CONVERSION = YES;
				CLANG_WARN_OBJC_ROOT_CLASS = YES_ERROR;
				CLANG_WARN_QUOTED_INCLUDE_IN_FRAMEWORK_HEADER = YES;
				CLANG_WARN_RANGE_LOOP_ANALYSIS = YES;
				CLANG_WARN_STRICT_PROTOTYPES = YES;
				CLANG_WARN_SUSPICIOUS_MOVE = YES;
				CLANG_WARN_UNGUARDED_AVAILABILITY = YES_AGGRESSIVE;
				CLANG_WARN_UNREACHABLE_CODE = YES;
				CLANG_WARN__DUPLICATE_METHOD_MATCH = YES;
				COPY_PHASE_STRIP = NO;
				DEBUG_INFORMATION_FORMAT = "dwarf-with-dsym";
				ENABLE_NS_ASSERTIONS = NO;
				ENABLE_STRICT_OBJC_MSGSEND = YES;
				GCC_C_LANGUAGE_STANDARD = gnu11;
				GCC_NO_COMMON_BLOCKS = YES;
				GCC_WARN_64_TO_32_BIT_CONVERSION = YES;
				GCC_WARN_ABOUT_RETURN_TYPE = YES_ERROR;
				GCC_WARN_UNDECLARED_SELECTOR = YES;
				GCC_WARN_UNINITIALIZED_AUTOS = YES_AGGRESSIVE;
				GCC_WARN_UNUSED_FUNCTION = YES;
				GCC_WARN_UNUSED_VARIABLE = YES;
				IPHONEOS_DEPLOYMENT_TARGET = 14.5;
				MTL_ENABLE_DEBUG_INFO = NO;
				MTL_FAST_MATH = YES;
				SDKROOT = iphoneos;
				VALIDATE_PRODUCT = YES;
			};
			name = Release;
		};
		8975876C27A4FBFB00D0955C /* Debug */ = {
			isa = XCBuildConfiguration;
			baseConfigurationReference = FF2FEAF4209E9794F71691A6 /* Pods-SGXModulezero.debug.xcconfig */;
			buildSettings = {
				ASSETCATALOG_COMPILER_APPICON_NAME = AppIcon;
				ASSETCATALOG_COMPILER_GLOBAL_ACCENT_COLOR_NAME = AccentColor;
				CODE_SIGN_STYLE = Automatic;
				DEVELOPMENT_TEAM = G42TPHNK8B;
				INFOPLIST_FILE = SGXModulezero/Info.plist;
				LD_RUNPATH_SEARCH_PATHS = (
					"$(inherited)",
					"@executable_path/Frameworks",
				);
				PRODUCT_BUNDLE_IDENTIFIER = com.sgx.YunxinProduct.SGXModulezero;
				PRODUCT_NAME = "$(TARGET_NAME)";
				TARGETED_DEVICE_FAMILY = "1,2";
			};
			name = Debug;
		};
		8975876D27A4FBFB00D0955C /* Release */ = {
			isa = XCBuildConfiguration;
			baseConfigurationReference = 158D27B4018D28E80EB6AB53 /* Pods-SGXModulezero.release.xcconfig */;
			buildSettings = {
				ASSETCATALOG_COMPILER_APPICON_NAME = AppIcon;
				ASSETCATALOG_COMPILER_GLOBAL_ACCENT_COLOR_NAME = AccentColor;
				CODE_SIGN_STYLE = Automatic;
				DEVELOPMENT_TEAM = G42TPHNK8B;
				INFOPLIST_FILE = SGXModulezero/Info.plist;
				LD_RUNPATH_SEARCH_PATHS = (
					"$(inherited)",
					"@executable_path/Frameworks",
				);
				PRODUCT_BUNDLE_IDENTIFIER = com.sgx.YunxinProduct.SGXModulezero;
				PRODUCT_NAME = "$(TARGET_NAME)";
				TARGETED_DEVICE_FAMILY = "1,2";
			};
			name = Release;
		};
/* End XCBuildConfiguration section */

/* Begin XCConfigurationList section */
		8975874D27A4FBFA00D0955C /* Build configuration list for PBXProject "SGXModulezero" */ = {
			isa = XCConfigurationList;
			buildConfigurations = (
				8975876927A4FBFB00D0955C /* Debug */,
				8975876A27A4FBFB00D0955C /* Release */,
			);
			defaultConfigurationIsVisible = 0;
			defaultConfigurationName = Release;
		};
		8975876B27A4FBFB00D0955C /* Build configuration list for PBXNativeTarget "SGXModulezero" */ = {
			isa = XCConfigurationList;
			buildConfigurations = (
				8975876C27A4FBFB00D0955C /* Debug */,
				8975876D27A4FBFB00D0955C /* Release */,
			);
			defaultConfigurationIsVisible = 0;
			defaultConfigurationName = Release;
		};
/* End XCConfigurationList section */
	};
	rootObject = 8975874A27A4FBFA00D0955C /* Project object */;
}
